
Microsoft Visual Studio Solution File, Format Version 12.00
# Visual Studio 14
VisualStudioVersion = 14.0.25420.1
MinimumVisualStudioVersion = 10.0.40219.1
Project("{FAE04EC0-301F-11D3-BF4B-00C04F79EFBC}") = "SimpleEncryptor", "SimpleEncryptor\SimpleEncryptor.csproj", "{48E6C3C1-90B8-4214-AC40-83D29B48C2B1}"
EndProject
Project("{FAE04EC0-301F-11D3-BF4B-00C04F79EFBC}") = "EncryptorService", "EncryptorService\EncryptorService.csproj", "{564DF77D-B000-40BE-9EE1-C81CB111BE45}"
EndProject
Global
	GlobalSection(SolutionConfigurationPlatforms) = preSolution
		Debug|Any CPU = Debug|Any CPU
		Release|Any CPU = Release|Any CPU
	EndGlobalSection
	GlobalSection(ProjectConfigurationPlatforms) = postSolution
		{48E6C3C1-90B8-4214-AC40-83D29B48C2B1}.Debug|Any CPU.ActiveCfg = Debug|Any CPU
		{48E6C3C1-90B8-4214-AC40-83D29B48C2B1}.Debug|Any CPU.Build.0 = Debug|Any CPU
		{48E6C3C1-90B8-4214-AC40-83D29B48C2B1}.Release|Any CPU.ActiveCfg = Release|Any CPU
		{48E6C3C1-90B8-4214-AC40-83D29B48C2B1}.Release|Any CPU.Build.0 = Release|Any CPU
		{564DF77D-B000-40BE-9EE1-C81CB111BE45}.Debug|Any CPU.ActiveCfg = Debug|Any CPU
		{564DF77D-B000-40BE-9EE1-C81CB111BE45}.Debug|Any CPU.Build.0 = Debug|Any CPU
		{564DF77D-B000-40BE-9EE1-C81CB111BE45}.Release|Any CPU.ActiveCfg = Release|Any CPU
		{564DF77D-B000-40BE-9EE1-C81CB111BE45}.Release|Any CPU.Build.0 = Release|Any CPU
	EndGlobalSection
	GlobalSection(SolutionProperties) = preSolution
		HideSolutionNode = FALSE
	EndGlobalSection
EndGlobal
